// !$*UTF8*$!
{
	archiveVersion = 1;
	classes = {
	};
	objectVersion = 48;
	objects = {

/* Begin PBXBuildFile section */
		0BF0AE92615EBBA626788FDF /* Pods_MangoTagTests.framework in Frameworks */ = {isa = PBXBuildFile; fileRef = 6252A8C8D89D720AE11DFD8B /* Pods_MangoTagTests.framework */; };
		1F65B0B7EECC40FD439D8FE7 /* Pods_MangoTag.framework in Frameworks */ = {isa = PBXBuildFile; fileRef = D115E384C16AF5382FDD6EA1 /* Pods_MangoTag.framework */; };
		8344EC6D2026770B0026C4A1 /* GoogleService-Info.plist in Resources */ = {isa = PBXBuildFile; fileRef = 8344EC6C2026770B0026C4A1 /* GoogleService-Info.plist */; };
		8344EC6F20269BC40026C4A1 /* NewGameViewController.swift in Sources */ = {isa = PBXBuildFile; fileRef = 8344EC6E20269BC40026C4A1 /* NewGameViewController.swift */; };
		8362701A2025A9F30029FDEB /* AppDelegate.swift in Sources */ = {isa = PBXBuildFile; fileRef = 836270192025A9F30029FDEB /* AppDelegate.swift */; };
		8362701F2025A9F30029FDEB /* Main.storyboard in Resources */ = {isa = PBXBuildFile; fileRef = 8362701D2025A9F30029FDEB /* Main.storyboard */; };
		836270222025A9F30029FDEB /* MangoTag.xcdatamodeld in Sources */ = {isa = PBXBuildFile; fileRef = 836270202025A9F30029FDEB /* MangoTag.xcdatamodeld */; };
		836270242025A9F30029FDEB /* Assets.xcassets in Resources */ = {isa = PBXBuildFile; fileRef = 836270232025A9F30029FDEB /* Assets.xcassets */; };
		836270272025A9F30029FDEB /* LaunchScreen.storyboard in Resources */ = {isa = PBXBuildFile; fileRef = 836270252025A9F30029FDEB /* LaunchScreen.storyboard */; };
		836270322025A9F30029FDEB /* MangoTagTests.swift in Sources */ = {isa = PBXBuildFile; fileRef = 836270312025A9F30029FDEB /* MangoTagTests.swift */; };
		8362703D2025A9F30029FDEB /* MangoTagUITests.swift in Sources */ = {isa = PBXBuildFile; fileRef = 8362703C2025A9F30029FDEB /* MangoTagUITests.swift */; };
		83F0660320270D3D0083DCDF /* ViewController.swift in Sources */ = {isa = PBXBuildFile; fileRef = 83F0660220270D3D0083DCDF /* ViewController.swift */; };
		83FF4F5C2026BAAE0020CA4D /* JoinGameViewController.swift in Sources */ = {isa = PBXBuildFile; fileRef = 83FF4F5B2026BAAE0020CA4D /* JoinGameViewController.swift */; };
		893E327CD0B661A242790BB9 /* Pods_MangoTagUITests.framework in Frameworks */ = {isa = PBXBuildFile; fileRef = 7F525CCCBC474E0216E42EA4 /* Pods_MangoTagUITests.framework */; };
/* End PBXBuildFile section */

/* Begin PBXContainerItemProxy section */
		8362702E2025A9F30029FDEB /* PBXContainerItemProxy */ = {
			isa = PBXContainerItemProxy;
			containerPortal = 8362700E2025A9F30029FDEB /* Project object */;
			proxyType = 1;
			remoteGlobalIDString = 836270152025A9F30029FDEB;
			remoteInfo = MangoTag;
		};
		836270392025A9F30029FDEB /* PBXContainerItemProxy */ = {
			isa = PBXContainerItemProxy;
			containerPortal = 8362700E2025A9F30029FDEB /* Project object */;
			proxyType = 1;
			remoteGlobalIDString = 836270152025A9F30029FDEB;
			remoteInfo = MangoTag;
		};
/* End PBXContainerItemProxy section */

/* Begin PBXFileReference section */
		0EC9DBBA871BBEB25AD63808 /* Pods-MangoTagTests.debug.xcconfig */ = {isa = PBXFileReference; includeInIndex = 1; lastKnownFileType = text.xcconfig; name = "Pods-MangoTagTests.debug.xcconfig"; path = "Pods/Target Support Files/Pods-MangoTagTests/Pods-MangoTagTests.debug.xcconfig"; sourceTree = "<group>"; };
		27EB7DA148399FAADCBAD9B2 /* Pods-MangoTagTests.release.xcconfig */ = {isa = PBXFileReference; includeInIndex = 1; lastKnownFileType = text.xcconfig; name = "Pods-MangoTagTests.release.xcconfig"; path = "Pods/Target Support Files/Pods-MangoTagTests/Pods-MangoTagTests.release.xcconfig"; sourceTree = "<group>"; };
		6252A8C8D89D720AE11DFD8B /* Pods_MangoTagTests.framework */ = {isa = PBXFileReference; explicitFileType = wrapper.framework; includeInIndex = 0; path = Pods_MangoTagTests.framework; sourceTree = BUILT_PRODUCTS_DIR; };
		7F525CCCBC474E0216E42EA4 /* Pods_MangoTagUITests.framework */ = {isa = PBXFileReference; explicitFileType = wrapper.framework; includeInIndex = 0; path = Pods_MangoTagUITests.framework; sourceTree = BUILT_PRODUCTS_DIR; };
		8344EC6C2026770B0026C4A1 /* GoogleService-Info.plist */ = {isa = PBXFileReference; fileEncoding = 4; lastKnownFileType = text.plist.xml; path = "GoogleService-Info.plist"; sourceTree = "<group>"; };
		8344EC6E20269BC40026C4A1 /* NewGameViewController.swift */ = {isa = PBXFileReference; lastKnownFileType = sourcecode.swift; path = NewGameViewController.swift; sourceTree = "<group>"; };
		836270162025A9F30029FDEB /* MangoTag.app */ = {isa = PBXFileReference; explicitFileType = wrapper.application; includeInIndex = 0; path = MangoTag.app; sourceTree = BUILT_PRODUCTS_DIR; };
		836270192025A9F30029FDEB /* AppDelegate.swift */ = {isa = PBXFileReference; lastKnownFileType = sourcecode.swift; path = AppDelegate.swift; sourceTree = "<group>"; };
		8362701E2025A9F30029FDEB /* Base */ = {isa = PBXFileReference; lastKnownFileType = file.storyboard; name = Base; path = Base.lproj/Main.storyboard; sourceTree = "<group>"; };
		836270212025A9F30029FDEB /* MangoTag.xcdatamodel */ = {isa = PBXFileReference; lastKnownFileType = wrapper.xcdatamodel; path = MangoTag.xcdatamodel; sourceTree = "<group>"; };
		836270232025A9F30029FDEB /* Assets.xcassets */ = {isa = PBXFileReference; lastKnownFileType = folder.assetcatalog; path = Assets.xcassets; sourceTree = "<group>"; };
		836270262025A9F30029FDEB /* Base */ = {isa = PBXFileReference; lastKnownFileType = file.storyboard; name = Base; path = Base.lproj/LaunchScreen.storyboard; sourceTree = "<group>"; };
		836270282025A9F30029FDEB /* Info.plist */ = {isa = PBXFileReference; lastKnownFileType = text.plist.xml; path = Info.plist; sourceTree = "<group>"; };
		8362702D2025A9F30029FDEB /* MangoTagTests.xctest */ = {isa = PBXFileReference; explicitFileType = wrapper.cfbundle; includeInIndex = 0; path = MangoTagTests.xctest; sourceTree = BUILT_PRODUCTS_DIR; };
		836270312025A9F30029FDEB /* MangoTagTests.swift */ = {isa = PBXFileReference; lastKnownFileType = sourcecode.swift; path = MangoTagTests.swift; sourceTree = "<group>"; };
		836270332025A9F30029FDEB /* Info.plist */ = {isa = PBXFileReference; lastKnownFileType = text.plist.xml; path = Info.plist; sourceTree = "<group>"; };
		836270382025A9F30029FDEB /* MangoTagUITests.xctest */ = {isa = PBXFileReference; explicitFileType = wrapper.cfbundle; includeInIndex = 0; path = MangoTagUITests.xctest; sourceTree = BUILT_PRODUCTS_DIR; };
		8362703C2025A9F30029FDEB /* MangoTagUITests.swift */ = {isa = PBXFileReference; lastKnownFileType = sourcecode.swift; path = MangoTagUITests.swift; sourceTree = "<group>"; };
		8362703E2025A9F30029FDEB /* Info.plist */ = {isa = PBXFileReference; lastKnownFileType = text.plist.xml; path = Info.plist; sourceTree = "<group>"; };
		83F0660220270D3D0083DCDF /* ViewController.swift */ = {isa = PBXFileReference; fileEncoding = 4; lastKnownFileType = sourcecode.swift; path = ViewController.swift; sourceTree = "<group>"; };
		83FF4F5B2026BAAE0020CA4D /* JoinGameViewController.swift */ = {isa = PBXFileReference; lastKnownFileType = sourcecode.swift; path = JoinGameViewController.swift; sourceTree = "<group>"; };
		8F33D18A18A8FEA34C55F2A3 /* Pods-MangoTag.release.xcconfig */ = {isa = PBXFileReference; includeInIndex = 1; lastKnownFileType = text.xcconfig; name = "Pods-MangoTag.release.xcconfig"; path = "Pods/Target Support Files/Pods-MangoTag/Pods-MangoTag.release.xcconfig"; sourceTree = "<group>"; };
		9B29CA1E5A10B9195CFC014E /* Pods-MangoTagUITests.release.xcconfig */ = {isa = PBXFileReference; includeInIndex = 1; lastKnownFileType = text.xcconfig; name = "Pods-MangoTagUITests.release.xcconfig"; path = "Pods/Target Support Files/Pods-MangoTagUITests/Pods-MangoTagUITests.release.xcconfig"; sourceTree = "<group>"; };
		A487A4161EEAD587D68A5CAD /* Pods-MangoTagUITests.debug.xcconfig */ = {isa = PBXFileReference; includeInIndex = 1; lastKnownFileType = text.xcconfig; name = "Pods-MangoTagUITests.debug.xcconfig"; path = "Pods/Target Support Files/Pods-MangoTagUITests/Pods-MangoTagUITests.debug.xcconfig"; sourceTree = "<group>"; };
		D115E384C16AF5382FDD6EA1 /* Pods_MangoTag.framework */ = {isa = PBXFileReference; explicitFileType = wrapper.framework; includeInIndex = 0; path = Pods_MangoTag.framework; sourceTree = BUILT_PRODUCTS_DIR; };
		EA8B436522948CC480A5D593 /* Pods-MangoTag.debug.xcconfig */ = {isa = PBXFileReference; includeInIndex = 1; lastKnownFileType = text.xcconfig; name = "Pods-MangoTag.debug.xcconfig"; path = "Pods/Target Support Files/Pods-MangoTag/Pods-MangoTag.debug.xcconfig"; sourceTree = "<group>"; };
/* End PBXFileReference section */

/* Begin PBXFrameworksBuildPhase section */
		836270132025A9F30029FDEB /* Frameworks */ = {
			isa = PBXFrameworksBuildPhase;
			buildActionMask = 2147483647;
			files = (
				1F65B0B7EECC40FD439D8FE7 /* Pods_MangoTag.framework in Frameworks */,
			);
			runOnlyForDeploymentPostprocessing = 0;
		};
		8362702A2025A9F30029FDEB /* Frameworks */ = {
			isa = PBXFrameworksBuildPhase;
			buildActionMask = 2147483647;
			files = (
				0BF0AE92615EBBA626788FDF /* Pods_MangoTagTests.framework in Frameworks */,
			);
			runOnlyForDeploymentPostprocessing = 0;
		};
		836270352025A9F30029FDEB /* Frameworks */ = {
			isa = PBXFrameworksBuildPhase;
			buildActionMask = 2147483647;
			files = (
				893E327CD0B661A242790BB9 /* Pods_MangoTagUITests.framework in Frameworks */,
			);
			runOnlyForDeploymentPostprocessing = 0;
		};
/* End PBXFrameworksBuildPhase section */

/* Begin PBXGroup section */
		27D51A70937F7D9510563116 /* Frameworks */ = {
			isa = PBXGroup;
			children = (
				D115E384C16AF5382FDD6EA1 /* Pods_MangoTag.framework */,
				6252A8C8D89D720AE11DFD8B /* Pods_MangoTagTests.framework */,
				7F525CCCBC474E0216E42EA4 /* Pods_MangoTagUITests.framework */,
			);
			name = Frameworks;
			sourceTree = "<group>";
		};
		8362700D2025A9F30029FDEB = {
			isa = PBXGroup;
			children = (
				836270182025A9F30029FDEB /* MangoTag */,
				836270302025A9F30029FDEB /* MangoTagTests */,
				8362703B2025A9F30029FDEB /* MangoTagUITests */,
				836270172025A9F30029FDEB /* Products */,
				88155D44AC266FC4D751E4D0 /* Pods */,
				27D51A70937F7D9510563116 /* Frameworks */,
			);
			sourceTree = "<group>";
		};
		836270172025A9F30029FDEB /* Products */ = {
			isa = PBXGroup;
			children = (
				836270162025A9F30029FDEB /* MangoTag.app */,
				8362702D2025A9F30029FDEB /* MangoTagTests.xctest */,
				836270382025A9F30029FDEB /* MangoTagUITests.xctest */,
			);
			name = Products;
			sourceTree = "<group>";
		};
		836270182025A9F30029FDEB /* MangoTag */ = {
			isa = PBXGroup;
			children = (
				83F0660220270D3D0083DCDF /* ViewController.swift */,
				8344EC6C2026770B0026C4A1 /* GoogleService-Info.plist */,
				836270192025A9F30029FDEB /* AppDelegate.swift */,
				83FF4F5B2026BAAE0020CA4D /* JoinGameViewController.swift */,
				8362701D2025A9F30029FDEB /* Main.storyboard */,
				8344EC6E20269BC40026C4A1 /* NewGameViewController.swift */,
				836270232025A9F30029FDEB /* Assets.xcassets */,
				836270252025A9F30029FDEB /* LaunchScreen.storyboard */,
				836270282025A9F30029FDEB /* Info.plist */,
				836270202025A9F30029FDEB /* MangoTag.xcdatamodeld */,
			);
			path = MangoTag;
			sourceTree = "<group>";
		};
		836270302025A9F30029FDEB /* MangoTagTests */ = {
			isa = PBXGroup;
			children = (
				836270312025A9F30029FDEB /* MangoTagTests.swift */,
				836270332025A9F30029FDEB /* Info.plist */,
			);
			path = MangoTagTests;
			sourceTree = "<group>";
		};
		8362703B2025A9F30029FDEB /* MangoTagUITests */ = {
			isa = PBXGroup;
			children = (
				8362703C2025A9F30029FDEB /* MangoTagUITests.swift */,
				8362703E2025A9F30029FDEB /* Info.plist */,
			);
			path = MangoTagUITests;
			sourceTree = "<group>";
		};
		88155D44AC266FC4D751E4D0 /* Pods */ = {
			isa = PBXGroup;
			children = (
				EA8B436522948CC480A5D593 /* Pods-MangoTag.debug.xcconfig */,
				8F33D18A18A8FEA34C55F2A3 /* Pods-MangoTag.release.xcconfig */,
				0EC9DBBA871BBEB25AD63808 /* Pods-MangoTagTests.debug.xcconfig */,
				27EB7DA148399FAADCBAD9B2 /* Pods-MangoTagTests.release.xcconfig */,
				A487A4161EEAD587D68A5CAD /* Pods-MangoTagUITests.debug.xcconfig */,
				9B29CA1E5A10B9195CFC014E /* Pods-MangoTagUITests.release.xcconfig */,
			);
			name = Pods;
			sourceTree = "<group>";
		};
/* End PBXGroup section */

/* Begin PBXNativeTarget section */
		836270152025A9F30029FDEB /* MangoTag */ = {
			isa = PBXNativeTarget;
			buildConfigurationList = 836270412025A9F30029FDEB /* Build configuration list for PBXNativeTarget "MangoTag" */;
			buildPhases = (
				B36A730CD750325FA193811E /* [CP] Check Pods Manifest.lock */,
				836270122025A9F30029FDEB /* Sources */,
				836270132025A9F30029FDEB /* Frameworks */,
				836270142025A9F30029FDEB /* Resources */,
				C392186CEAEFB087DBF8D152 /* [CP] Embed Pods Frameworks */,
				875E3BDAAAE5DBFE435D3586 /* [CP] Copy Pods Resources */,
			);
			buildRules = (
			);
			dependencies = (
			);
			name = MangoTag;
			productName = MangoTag;
			productReference = 836270162025A9F30029FDEB /* MangoTag.app */;
			productType = "com.apple.product-type.application";
		};
		8362702C2025A9F30029FDEB /* MangoTagTests */ = {
			isa = PBXNativeTarget;
			buildConfigurationList = 836270442025A9F30029FDEB /* Build configuration list for PBXNativeTarget "MangoTagTests" */;
			buildPhases = (
				14AF272FAF0FBFE185C19C94 /* [CP] Check Pods Manifest.lock */,
				836270292025A9F30029FDEB /* Sources */,
				8362702A2025A9F30029FDEB /* Frameworks */,
				8362702B2025A9F30029FDEB /* Resources */,
				DE3D8FF9743852A2C3E4C5FD /* [CP] Embed Pods Frameworks */,
				C6363E0FAFE2F5CD1D16CAF1 /* [CP] Copy Pods Resources */,
			);
			buildRules = (
			);
			dependencies = (
				8362702F2025A9F30029FDEB /* PBXTargetDependency */,
			);
			name = MangoTagTests;
			productName = MangoTagTests;
			productReference = 8362702D2025A9F30029FDEB /* MangoTagTests.xctest */;
			productType = "com.apple.product-type.bundle.unit-test";
		};
		836270372025A9F30029FDEB /* MangoTagUITests */ = {
			isa = PBXNativeTarget;
			buildConfigurationList = 836270472025A9F30029FDEB /* Build configuration list for PBXNativeTarget "MangoTagUITests" */;
			buildPhases = (
				32728A5A99DD981FAB501506 /* [CP] Check Pods Manifest.lock */,
				836270342025A9F30029FDEB /* Sources */,
				836270352025A9F30029FDEB /* Frameworks */,
				836270362025A9F30029FDEB /* Resources */,
				BFA995EE7E367527B06990C9 /* [CP] Embed Pods Frameworks */,
				471B9F664226DC384849260B /* [CP] Copy Pods Resources */,
			);
			buildRules = (
			);
			dependencies = (
				8362703A2025A9F30029FDEB /* PBXTargetDependency */,
			);
			name = MangoTagUITests;
			productName = MangoTagUITests;
			productReference = 836270382025A9F30029FDEB /* MangoTagUITests.xctest */;
			productType = "com.apple.product-type.bundle.ui-testing";
		};
/* End PBXNativeTarget section */

/* Begin PBXProject section */
		8362700E2025A9F30029FDEB /* Project object */ = {
			isa = PBXProject;
			attributes = {
				LastSwiftUpdateCheck = 0920;
				LastUpgradeCheck = 0920;
				ORGANIZATIONNAME = "Christopher Feltner";
				TargetAttributes = {
					836270152025A9F30029FDEB = {
						CreatedOnToolsVersion = 9.2;
						ProvisioningStyle = Automatic;
					};
					8362702C2025A9F30029FDEB = {
						CreatedOnToolsVersion = 9.2;
						ProvisioningStyle = Automatic;
						TestTargetID = 836270152025A9F30029FDEB;
					};
					836270372025A9F30029FDEB = {
						CreatedOnToolsVersion = 9.2;
						ProvisioningStyle = Automatic;
						TestTargetID = 836270152025A9F30029FDEB;
					};
				};
			};
			buildConfigurationList = 836270112025A9F30029FDEB /* Build configuration list for PBXProject "MangoTag" */;
			compatibilityVersion = "Xcode 8.0";
			developmentRegion = en;
			hasScannedForEncodings = 0;
			knownRegions = (
				en,
				Base,
			);
			mainGroup = 8362700D2025A9F30029FDEB;
			productRefGroup = 836270172025A9F30029FDEB /* Products */;
			projectDirPath = "";
			projectRoot = "";
			targets = (
				836270152025A9F30029FDEB /* MangoTag */,
				8362702C2025A9F30029FDEB /* MangoTagTests */,
				836270372025A9F30029FDEB /* MangoTagUITests */,
			);
		};
/* End PBXProject section */

/* Begin PBXResourcesBuildPhase section */
		836270142025A9F30029FDEB /* Resources */ = {
			isa = PBXResourcesBuildPhase;
			buildActionMask = 2147483647;
			files = (
				836270272025A9F30029FDEB /* LaunchScreen.storyboard in Resources */,
				8344EC6D2026770B0026C4A1 /* GoogleService-Info.plist in Resources */,
				836270242025A9F30029FDEB /* Assets.xcassets in Resources */,
				8362701F2025A9F30029FDEB /* Main.storyboard in Resources */,
			);
			runOnlyForDeploymentPostprocessing = 0;
		};
		8362702B2025A9F30029FDEB /* Resources */ = {
			isa = PBXResourcesBuildPhase;
			buildActionMask = 2147483647;
			files = (
			);
			runOnlyForDeploymentPostprocessing = 0;
		};
		836270362025A9F30029FDEB /* Resources */ = {
			isa = PBXResourcesBuildPhase;
			buildActionMask = 2147483647;
			files = (
			);
			runOnlyForDeploymentPostprocessing = 0;
		};
/* End PBXResourcesBuildPhase section */

/* Begin PBXShellScriptBuildPhase section */
		14AF272FAF0FBFE185C19C94 /* [CP] Check Pods Manifest.lock */ = {
			isa = PBXShellScriptBuildPhase;
			buildActionMask = 2147483647;
			files = (
			);
			inputPaths = (
				"${PODS_PODFILE_DIR_PATH}/Podfile.lock",
				"${PODS_ROOT}/Manifest.lock",
			);
			name = "[CP] Check Pods Manifest.lock";
			outputPaths = (
				"$(DERIVED_FILE_DIR)/Pods-MangoTagTests-checkManifestLockResult.txt",
			);
			runOnlyForDeploymentPostprocessing = 0;
			shellPath = /bin/sh;
			shellScript = "diff \"${PODS_PODFILE_DIR_PATH}/Podfile.lock\" \"${PODS_ROOT}/Manifest.lock\" > /dev/null\nif [ $? != 0 ] ; then\n    # print error to STDERR\n    echo \"error: The sandbox is not in sync with the Podfile.lock. Run 'pod install' or update your CocoaPods installation.\" >&2\n    exit 1\nfi\n# This output is used by Xcode 'outputs' to avoid re-running this script phase.\necho \"SUCCESS\" > \"${SCRIPT_OUTPUT_FILE_0}\"\n";
			showEnvVarsInLog = 0;
		};
		32728A5A99DD981FAB501506 /* [CP] Check Pods Manifest.lock */ = {
			isa = PBXShellScriptBuildPhase;
			buildActionMask = 2147483647;
			files = (
			);
			inputPaths = (
				"${PODS_PODFILE_DIR_PATH}/Podfile.lock",
				"${PODS_ROOT}/Manifest.lock",
			);
			name = "[CP] Check Pods Manifest.lock";
			outputPaths = (
				"$(DERIVED_FILE_DIR)/Pods-MangoTagUITests-checkManifestLockResult.txt",
			);
			runOnlyForDeploymentPostprocessing = 0;
			shellPath = /bin/sh;
			shellScript = "diff \"${PODS_PODFILE_DIR_PATH}/Podfile.lock\" \"${PODS_ROOT}/Manifest.lock\" > /dev/null\nif [ $? != 0 ] ; then\n    # print error to STDERR\n    echo \"error: The sandbox is not in sync with the Podfile.lock. Run 'pod install' or update your CocoaPods installation.\" >&2\n    exit 1\nfi\n# This output is used by Xcode 'outputs' to avoid re-running this script phase.\necho \"SUCCESS\" > \"${SCRIPT_OUTPUT_FILE_0}\"\n";
			showEnvVarsInLog = 0;
		};
		471B9F664226DC384849260B /* [CP] Copy Pods Resources */ = {
			isa = PBXShellScriptBuildPhase;
			buildActionMask = 2147483647;
			files = (
			);
			inputPaths = (
			);
			name = "[CP] Copy Pods Resources";
			outputPaths = (
			);
			runOnlyForDeploymentPostprocessing = 0;
			shellPath = /bin/sh;
			shellScript = "\"${SRCROOT}/Pods/Target Support Files/Pods-MangoTagUITests/Pods-MangoTagUITests-resources.sh\"\n";
			showEnvVarsInLog = 0;
		};
		875E3BDAAAE5DBFE435D3586 /* [CP] Copy Pods Resources */ = {
			isa = PBXShellScriptBuildPhase;
			buildActionMask = 2147483647;
			files = (
			);
			inputPaths = (
				"${SRCROOT}/Pods/Target Support Files/Pods-MangoTag/Pods-MangoTag-resources.sh",
				"${PODS_CONFIGURATION_BUILD_DIR}/FirebaseUI/FirebaseAuthUI.bundle",
				"${PODS_CONFIGURATION_BUILD_DIR}/FirebaseUI/FirebaseFacebookAuthUI.bundle",
				"${PODS_CONFIGURATION_BUILD_DIR}/FirebaseUI/FirebaseGoogleAuthUI.bundle",
				"${PODS_CONFIGURATION_BUILD_DIR}/FirebaseUI/FirebasePhoneAuthUI.bundle",
				"${PODS_CONFIGURATION_BUILD_DIR}/FirebaseUI/FirebaseTwitterAuthUI.bundle",
				"${PODS_ROOT}/GoogleSignIn/Resources/GoogleSignIn.bundle",
				"${PODS_ROOT}/TwitterKit/iOS/TwitterKit.framework/TwitterKitResources.bundle",
				"${PODS_ROOT}/TwitterKit/iOS/TwitterKit.framework/TwitterShareExtensionUIResources.bundle",
			);
			name = "[CP] Copy Pods Resources";
			outputPaths = (
				"${TARGET_BUILD_DIR}/${UNLOCALIZED_RESOURCES_FOLDER_PATH}/FirebaseAuthUI.bundle",
				"${TARGET_BUILD_DIR}/${UNLOCALIZED_RESOURCES_FOLDER_PATH}/FirebaseFacebookAuthUI.bundle",
				"${TARGET_BUILD_DIR}/${UNLOCALIZED_RESOURCES_FOLDER_PATH}/FirebaseGoogleAuthUI.bundle",
				"${TARGET_BUILD_DIR}/${UNLOCALIZED_RESOURCES_FOLDER_PATH}/FirebasePhoneAuthUI.bundle",
				"${TARGET_BUILD_DIR}/${UNLOCALIZED_RESOURCES_FOLDER_PATH}/FirebaseTwitterAuthUI.bundle",
				"${TARGET_BUILD_DIR}/${UNLOCALIZED_RESOURCES_FOLDER_PATH}/GoogleSignIn.bundle",
				"${TARGET_BUILD_DIR}/${UNLOCALIZED_RESOURCES_FOLDER_PATH}/TwitterKitResources.bundle",
				"${TARGET_BUILD_DIR}/${UNLOCALIZED_RESOURCES_FOLDER_PATH}/TwitterShareExtensionUIResources.bundle",
			);
			runOnlyForDeploymentPostprocessing = 0;
			shellPath = /bin/sh;
			shellScript = "\"${SRCROOT}/Pods/Target Support Files/Pods-MangoTag/Pods-MangoTag-resources.sh\"\n";
			showEnvVarsInLog = 0;
		};
		B36A730CD750325FA193811E /* [CP] Check Pods Manifest.lock */ = {
			isa = PBXShellScriptBuildPhase;
			buildActionMask = 2147483647;
			files = (
			);
			inputPaths = (
				"${PODS_PODFILE_DIR_PATH}/Podfile.lock",
				"${PODS_ROOT}/Manifest.lock",
			);
			name = "[CP] Check Pods Manifest.lock";
			outputPaths = (
				"$(DERIVED_FILE_DIR)/Pods-MangoTag-checkManifestLockResult.txt",
			);
			runOnlyForDeploymentPostprocessing = 0;
			shellPath = /bin/sh;
			shellScript = "diff \"${PODS_PODFILE_DIR_PATH}/Podfile.lock\" \"${PODS_ROOT}/Manifest.lock\" > /dev/null\nif [ $? != 0 ] ; then\n    # print error to STDERR\n    echo \"error: The sandbox is not in sync with the Podfile.lock. Run 'pod install' or update your CocoaPods installation.\" >&2\n    exit 1\nfi\n# This output is used by Xcode 'outputs' to avoid re-running this script phase.\necho \"SUCCESS\" > \"${SCRIPT_OUTPUT_FILE_0}\"\n";
			showEnvVarsInLog = 0;
		};
		BFA995EE7E367527B06990C9 /* [CP] Embed Pods Frameworks */ = {
			isa = PBXShellScriptBuildPhase;
			buildActionMask = 2147483647;
			files = (
			);
			inputPaths = (
			);
			name = "[CP] Embed Pods Frameworks";
			outputPaths = (
			);
			runOnlyForDeploymentPostprocessing = 0;
			shellPath = /bin/sh;
			shellScript = "\"${SRCROOT}/Pods/Target Support Files/Pods-MangoTagUITests/Pods-MangoTagUITests-frameworks.sh\"\n";
			showEnvVarsInLog = 0;
		};
		C392186CEAEFB087DBF8D152 /* [CP] Embed Pods Frameworks */ = {
			isa = PBXShellScriptBuildPhase;
			buildActionMask = 2147483647;
			files = (
			);
			inputPaths = (
				"${SRCROOT}/Pods/Target Support Files/Pods-MangoTag/Pods-MangoTag-frameworks.sh",
				"${BUILT_PRODUCTS_DIR}/Bolts/Bolts.framework",
				"${BUILT_PRODUCTS_DIR}/BoringSSL/openssl.framework",
				"${BUILT_PRODUCTS_DIR}/FBSDKCoreKit/FBSDKCoreKit.framework",
				"${BUILT_PRODUCTS_DIR}/FBSDKLoginKit/FBSDKLoginKit.framework",
				"${BUILT_PRODUCTS_DIR}/GTMOAuth2/GTMOAuth2.framework",
				"${BUILT_PRODUCTS_DIR}/GTMSessionFetcher/GTMSessionFetcher.framework",
				"${BUILT_PRODUCTS_DIR}/GoogleToolboxForMac/GoogleToolboxForMac.framework",
				"${BUILT_PRODUCTS_DIR}/Protobuf/Protobuf.framework",
				"${BUILT_PRODUCTS_DIR}/SDWebImage/SDWebImage.framework",
				"${PODS_ROOT}/TwitterCore/iOS/TwitterCore.framework",
				"${PODS_ROOT}/TwitterKit/iOS/TwitterKit.framework",
				"${BUILT_PRODUCTS_DIR}/gRPC/GRPCClient.framework",
				"${BUILT_PRODUCTS_DIR}/gRPC-Core/grpc.framework",
				"${BUILT_PRODUCTS_DIR}/gRPC-ProtoRPC/ProtoRPC.framework",
				"${BUILT_PRODUCTS_DIR}/gRPC-RxLibrary/RxLibrary.framework",
				"${BUILT_PRODUCTS_DIR}/leveldb-library/leveldb.framework",
				"${BUILT_PRODUCTS_DIR}/nanopb/nanopb.framework",
			);
			name = "[CP] Embed Pods Frameworks";
			outputPaths = (
				"${TARGET_BUILD_DIR}/${FRAMEWORKS_FOLDER_PATH}/Bolts.framework",
				"${TARGET_BUILD_DIR}/${FRAMEWORKS_FOLDER_PATH}/openssl.framework",
				"${TARGET_BUILD_DIR}/${FRAMEWORKS_FOLDER_PATH}/FBSDKCoreKit.framework",
				"${TARGET_BUILD_DIR}/${FRAMEWORKS_FOLDER_PATH}/FBSDKLoginKit.framework",
				"${TARGET_BUILD_DIR}/${FRAMEWORKS_FOLDER_PATH}/GTMOAuth2.framework",
				"${TARGET_BUILD_DIR}/${FRAMEWORKS_FOLDER_PATH}/GTMSessionFetcher.framework",
				"${TARGET_BUILD_DIR}/${FRAMEWORKS_FOLDER_PATH}/GoogleToolboxForMac.framework",
				"${TARGET_BUILD_DIR}/${FRAMEWORKS_FOLDER_PATH}/Protobuf.framework",
				"${TARGET_BUILD_DIR}/${FRAMEWORKS_FOLDER_PATH}/SDWebImage.framework",
				"${TARGET_BUILD_DIR}/${FRAMEWORKS_FOLDER_PATH}/TwitterCore.framework",
				"${TARGET_BUILD_DIR}/${FRAMEWORKS_FOLDER_PATH}/TwitterKit.framework",
				"${TARGET_BUILD_DIR}/${FRAMEWORKS_FOLDER_PATH}/GRPCClient.framework",
				"${TARGET_BUILD_DIR}/${FRAMEWORKS_FOLDER_PATH}/grpc.framework",
				"${TARGET_BUILD_DIR}/${FRAMEWORKS_FOLDER_PATH}/ProtoRPC.framework",
				"${TARGET_BUILD_DIR}/${FRAMEWORKS_FOLDER_PATH}/RxLibrary.framework",
				"${TARGET_BUILD_DIR}/${FRAMEWORKS_FOLDER_PATH}/leveldb.framework",
				"${TARGET_BUILD_DIR}/${FRAMEWORKS_FOLDER_PATH}/nanopb.framework",
			);
			runOnlyForDeploymentPostprocessing = 0;
			shellPath = /bin/sh;
			shellScript = "\"${SRCROOT}/Pods/Target Support Files/Pods-MangoTag/Pods-MangoTag-frameworks.sh\"\n";
			showEnvVarsInLog = 0;
		};
		C6363E0FAFE2F5CD1D16CAF1 /* [CP] Copy Pods Resources */ = {
			isa = PBXShellScriptBuildPhase;
			buildActionMask = 2147483647;
			files = (
			);
			inputPaths = (
			);
			name = "[CP] Copy Pods Resources";
			outputPaths = (
			);
			runOnlyForDeploymentPostprocessing = 0;
			shellPath = /bin/sh;
			shellScript = "\"${SRCROOT}/Pods/Target Support Files/Pods-MangoTagTests/Pods-MangoTagTests-resources.sh\"\n";
			showEnvVarsInLog = 0;
		};
		DE3D8FF9743852A2C3E4C5FD /* [CP] Embed Pods Frameworks */ = {
			isa = PBXShellScriptBuildPhase;
			buildActionMask = 2147483647;
			files = (
			);
			inputPaths = (
			);
			name = "[CP] Embed Pods Frameworks";
			outputPaths = (
			);
			runOnlyForDeploymentPostprocessing = 0;
			shellPath = /bin/sh;
			shellScript = "\"${SRCROOT}/Pods/Target Support Files/Pods-MangoTagTests/Pods-MangoTagTests-frameworks.sh\"\n";
			showEnvVarsInLog = 0;
		};
/* End PBXShellScriptBuildPhase section */

/* Begin PBXSourcesBuildPhase section */
		836270122025A9F30029FDEB /* Sources */ = {
			isa = PBXSourcesBuildPhase;
			buildActionMask = 2147483647;
			files = (
				83F0660320270D3D0083DCDF /* ViewController.swift in Sources */,
				83FF4F5C2026BAAE0020CA4D /* JoinGameViewController.swift in Sources */,
				836270222025A9F30029FDEB /* MangoTag.xcdatamodeld in Sources */,
				8344EC6F20269BC40026C4A1 /* NewGameViewController.swift in Sources */,
				8362701A2025A9F30029FDEB /* AppDelegate.swift in Sources */,
			);
			runOnlyForDeploymentPostprocessing = 0;
		};
		836270292025A9F30029FDEB /* Sources */ = {
			isa = PBXSourcesBuildPhase;
			buildActionMask = 2147483647;
			files = (
				836270322025A9F30029FDEB /* MangoTagTests.swift in Sources */,
			);
			runOnlyForDeploymentPostprocessing = 0;
		};
		836270342025A9F30029FDEB /* Sources */ = {
			isa = PBXSourcesBuildPhase;
			buildActionMask = 2147483647;
			files = (
				8362703D2025A9F30029FDEB /* MangoTagUITests.swift in Sources */,
			);
			runOnlyForDeploymentPostprocessing = 0;
		};
/* End PBXSourcesBuildPhase section */

/* Begin PBXTargetDependency section */
		8362702F2025A9F30029FDEB /* PBXTargetDependency */ = {
			isa = PBXTargetDependency;
			target = 836270152025A9F30029FDEB /* MangoTag */;
			targetProxy = 8362702E2025A9F30029FDEB /* PBXContainerItemProxy */;
		};
		8362703A2025A9F30029FDEB /* PBXTargetDependency */ = {
			isa = PBXTargetDependency;
			target = 836270152025A9F30029FDEB /* MangoTag */;
			targetProxy = 836270392025A9F30029FDEB /* PBXContainerItemProxy */;
		};
/* End PBXTargetDependency section */

/* Begin PBXVariantGroup section */
		8362701D2025A9F30029FDEB /* Main.storyboard */ = {
			isa = PBXVariantGroup;
			children = (
				8362701E2025A9F30029FDEB /* Base */,
			);
			name = Main.storyboard;
			sourceTree = "<group>";
		};
		836270252025A9F30029FDEB /* LaunchScreen.storyboard */ = {
			isa = PBXVariantGroup;
			children = (
				836270262025A9F30029FDEB /* Base */,
			);
			name = LaunchScreen.storyboard;
			sourceTree = "<group>";
		};
/* End PBXVariantGroup section */

/* Begin XCBuildConfiguration section */
		8362703F2025A9F30029FDEB /* Debug */ = {
			isa = XCBuildConfiguration;
			buildSettings = {
				ALWAYS_SEARCH_USER_PATHS = NO;
				CLANG_ANALYZER_NONNULL = YES;
				CLANG_ANALYZER_NUMBER_OBJECT_CONVERSION = YES_AGGRESSIVE;
				CLANG_CXX_LANGUAGE_STANDARD = "gnu++14";
				CLANG_CXX_LIBRARY = "libc++";
				CLANG_ENABLE_MODULES = YES;
				CLANG_ENABLE_OBJC_ARC = YES;
				CLANG_WARN_BLOCK_CAPTURE_AUTORELEASING = YES;
				CLANG_WARN_BOOL_CONVERSION = YES;
				CLANG_WARN_COMMA = YES;
				CLANG_WARN_CONSTANT_CONVERSION = YES;
				CLANG_WARN_DIRECT_OBJC_ISA_USAGE = YES_ERROR;
				CLANG_WARN_DOCUMENTATION_COMMENTS = YES;
				CLANG_WARN_EMPTY_BODY = YES;
				CLANG_WARN_ENUM_CONVERSION = YES;
				CLANG_WARN_INFINITE_RECURSION = YES;
				CLANG_WARN_INT_CONVERSION = YES;
				CLANG_WARN_NON_LITERAL_NULL_CONVERSION = YES;
				CLANG_WARN_OBJC_LITERAL_CONVERSION = YES;
				CLANG_WARN_OBJC_ROOT_CLASS = YES_ERROR;
				CLANG_WARN_RANGE_LOOP_ANALYSIS = YES;
				CLANG_WARN_STRICT_PROTOTYPES = YES;
				CLANG_WARN_SUSPICIOUS_MOVE = YES;
				CLANG_WARN_UNGUARDED_AVAILABILITY = YES_AGGRESSIVE;
				CLANG_WARN_UNREACHABLE_CODE = YES;
				CLANG_WARN__DUPLICATE_METHOD_MATCH = YES;
				CODE_SIGN_IDENTITY = "iPhone Developer";
				COPY_PHASE_STRIP = NO;
				DEBUG_INFORMATION_FORMAT = dwarf;
				ENABLE_STRICT_OBJC_MSGSEND = YES;
				ENABLE_TESTABILITY = YES;
				GCC_C_LANGUAGE_STANDARD = gnu11;
				GCC_DYNAMIC_NO_PIC = NO;
				GCC_NO_COMMON_BLOCKS = YES;
				GCC_OPTIMIZATION_LEVEL = 0;
				GCC_PREPROCESSOR_DEFINITIONS = (
					"DEBUG=1",
					"$(inherited)",
				);
				GCC_WARN_64_TO_32_BIT_CONVERSION = YES;
				GCC_WARN_ABOUT_RETURN_TYPE = YES_ERROR;
				GCC_WARN_UNDECLARED_SELECTOR = YES;
				GCC_WARN_UNINITIALIZED_AUTOS = YES_AGGRESSIVE;
				GCC_WARN_UNUSED_FUNCTION = YES;
				GCC_WARN_UNUSED_VARIABLE = YES;
				IPHONEOS_DEPLOYMENT_TARGET = 11.2;
				MTL_ENABLE_DEBUG_INFO = YES;
				ONLY_ACTIVE_ARCH = YES;
				SDKROOT = iphoneos;
				SWIFT_ACTIVE_COMPILATION_CONDITIONS = DEBUG;
				SWIFT_OPTIMIZATION_LEVEL = "-Onone";
			};
			name = Debug;
		};
		836270402025A9F30029FDEB /* Release */ = {
			isa = XCBuildConfiguration;
			buildSettings = {
				ALWAYS_SEARCH_USER_PATHS = NO;
				CLANG_ANALYZER_NONNULL = YES;
				CLANG_ANALYZER_NUMBER_OBJECT_CONVERSION = YES_AGGRESSIVE;
				CLANG_CXX_LANGUAGE_STANDARD = "gnu++14";
				CLANG_CXX_LIBRARY = "libc++";
				CLANG_ENABLE_MODULES = YES;
				CLANG_ENABLE_OBJC_ARC = YES;
				CLANG_WARN_BLOCK_CAPTURE_AUTORELEASING = YES;
				CLANG_WARN_BOOL_CONVERSION = YES;
				CLANG_WARN_COMMA = YES;
				CLANG_WARN_CONSTANT_CONVERSION = YES;
				CLANG_WARN_DIRECT_OBJC_ISA_USAGE = YES_ERROR;
				CLANG_WARN_DOCUMENTATION_COMMENTS = YES;
				CLANG_WARN_EMPTY_BODY = YES;
				CLANG_WARN_ENUM_CONVERSION = YES;
				CLANG_WARN_INFINITE_RECURSION = YES;
				CLANG_WARN_INT_CONVERSION = YES;
				CLANG_WARN_NON_LITERAL_NULL_CONVERSION = YES;
				CLANG_WARN_OBJC_LITERAL_CONVERSION = YES;
				CLANG_WARN_OBJC_ROOT_CLASS = YES_ERROR;
				CLANG_WARN_RANGE_LOOP_ANALYSIS = YES;
				CLANG_WARN_STRICT_PROTOTYPES = YES;
				CLANG_WARN_SUSPICIOUS_MOVE = YES;
				CLANG_WARN_UNGUARDED_AVAILABILITY = YES_AGGRESSIVE;
				CLANG_WARN_UNREACHABLE_CODE = YES;
				CLANG_WARN__DUPLICATE_METHOD_MATCH = YES;
				CODE_SIGN_IDENTITY = "iPhone Developer";
				COPY_PHASE_STRIP = NO;
				DEBUG_INFORMATION_FORMAT = "dwarf-with-dsym";
				ENABLE_NS_ASSERTIONS = NO;
				ENABLE_STRICT_OBJC_MSGSEND = YES;
				GCC_C_LANGUAGE_STANDARD = gnu11;
				GCC_NO_COMMON_BLOCKS = YES;
				GCC_WARN_64_TO_32_BIT_CONVERSION = YES;
				GCC_WARN_ABOUT_RETURN_TYPE = YES_ERROR;
				GCC_WARN_UNDECLARED_SELECTOR = YES;
				GCC_WARN_UNINITIALIZED_AUTOS = YES_AGGRESSIVE;
				GCC_WARN_UNUSED_FUNCTION = YES;
				GCC_WARN_UNUSED_VARIABLE = YES;
				IPHONEOS_DEPLOYMENT_TARGET = 11.2;
				MTL_ENABLE_DEBUG_INFO = NO;
				SDKROOT = iphoneos;
				SWIFT_OPTIMIZATION_LEVEL = "-Owholemodule";
				VALIDATE_PRODUCT = YES;
			};
			name = Release;
		};
		836270422025A9F30029FDEB /* Debug */ = {
			isa = XCBuildConfiguration;
			baseConfigurationReference = EA8B436522948CC480A5D593 /* Pods-MangoTag.debug.xcconfig */;
			buildSettings = {
				ASSETCATALOG_COMPILER_APPICON_NAME = AppIcon;
				CODE_SIGN_STYLE = Automatic;
				DEVELOPMENT_TEAM = A47892JV82;
				INFOPLIST_FILE = MangoTag/Info.plist;
				LD_RUNPATH_SEARCH_PATHS = "$(inherited) @executable_path/Frameworks";
				PRODUCT_BUNDLE_IDENTIFIER = MangoTag.MangoTag;
				PRODUCT_NAME = "$(TARGET_NAME)";
				SWIFT_VERSION = 4.0;
				TARGETED_DEVICE_FAMILY = "1,2";
			};
			name = Debug;
		};
		836270432025A9F30029FDEB /* Release */ = {
			isa = XCBuildConfiguration;
			baseConfigurationReference = 8F33D18A18A8FEA34C55F2A3 /* Pods-MangoTag.release.xcconfig */;
			buildSettings = {
				ASSETCATALOG_COMPILER_APPICON_NAME = AppIcon;
				CODE_SIGN_STYLE = Automatic;
				DEVELOPMENT_TEAM = A47892JV82;
				INFOPLIST_FILE = MangoTag/Info.plist;
				LD_RUNPATH_SEARCH_PATHS = "$(inherited) @executable_path/Frameworks";
				PRODUCT_BUNDLE_IDENTIFIER = MangoTag.MangoTag;
				PRODUCT_NAME = "$(TARGET_NAME)";
				SWIFT_VERSION = 4.0;
				TARGETED_DEVICE_FAMILY = "1,2";
			};
			name = Release;
		};
		836270452025A9F30029FDEB /* Debug */ = {
			isa = XCBuildConfiguration;
			baseConfigurationReference = 0EC9DBBA871BBEB25AD63808 /* Pods-MangoTagTests.debug.xcconfig */;
			buildSettings = {
				ALWAYS_EMBED_SWIFT_STANDARD_LIBRARIES = YES;
				BUNDLE_LOADER = "$(TEST_HOST)";
				CODE_SIGN_STYLE = Automatic;
				DEVELOPMENT_TEAM = A47892JV82;
				INFOPLIST_FILE = MangoTagTests/Info.plist;
				LD_RUNPATH_SEARCH_PATHS = "$(inherited) @executable_path/Frameworks @loader_path/Frameworks";
				PRODUCT_BUNDLE_IDENTIFIER = MangoTag.MangoTagTests;
				PRODUCT_NAME = "$(TARGET_NAME)";
				SWIFT_VERSION = 4.0;
				TARGETED_DEVICE_FAMILY = "1,2";
				TEST_HOST = "$(BUILT_PRODUCTS_DIR)/MangoTag.app/MangoTag";
			};
			name = Debug;
		};
		836270462025A9F30029FDEB /* Release */ = {
			isa = XCBuildConfiguration;
			baseConfigurationReference = 27EB7DA148399FAADCBAD9B2 /* Pods-MangoTagTests.release.xcconfig */;
			buildSettings = {
				ALWAYS_EMBED_SWIFT_STANDARD_LIBRARIES = YES;
				BUNDLE_LOADER = "$(TEST_HOST)";
				CODE_SIGN_STYLE = Automatic;
				DEVELOPMENT_TEAM = A47892JV82;
				INFOPLIST_FILE = MangoTagTests/Info.plist;
				LD_RUNPATH_SEARCH_PATHS = "$(inherited) @executable_path/Frameworks @loader_path/Frameworks";
				PRODUCT_BUNDLE_IDENTIFIER = MangoTag.MangoTagTests;
				PRODUCT_NAME = "$(TARGET_NAME)";
				SWIFT_VERSION = 4.0;
				TARGETED_DEVICE_FAMILY = "1,2";
				TEST_HOST = "$(BUILT_PRODUCTS_DIR)/MangoTag.app/MangoTag";
			};
			name = Release;
		};
		836270482025A9F30029FDEB /* Debug */ = {
			isa = XCBuildConfiguration;
			baseConfigurationReference = A487A4161EEAD587D68A5CAD /* Pods-MangoTagUITests.debug.xcconfig */;
			buildSettings = {
				ALWAYS_EMBED_SWIFT_STANDARD_LIBRARIES = YES;
				CODE_SIGN_STYLE = Automatic;
				DEVELOPMENT_TEAM = A47892JV82;
				INFOPLIST_FILE = MangoTagUITests/Info.plist;
				LD_RUNPATH_SEARCH_PATHS = "$(inherited) @executable_path/Frameworks @loader_path/Frameworks";
				PRODUCT_BUNDLE_IDENTIFIER = MangoTag.MangoTagUITests;
				PRODUCT_NAME = "$(TARGET_NAME)";
				SWIFT_VERSION = 4.0;
				TARGETED_DEVICE_FAMILY = "1,2";
				TEST_TARGET_NAME = MangoTag;
			};
			name = Debug;
		};
		836270492025A9F30029FDEB /* Release */ = {
			isa = XCBuildConfiguration;
			baseConfigurationReference = 9B29CA1E5A10B9195CFC014E /* Pods-MangoTagUITests.release.xcconfig */;
			buildSettings = {
				ALWAYS_EMBED_SWIFT_STANDARD_LIBRARIES = YES;
				CODE_SIGN_STYLE = Automatic;
				DEVELOPMENT_TEAM = A47892JV82;
				INFOPLIST_FILE = MangoTagUITests/Info.plist;
				LD_RUNPATH_SEARCH_PATHS = "$(inherited) @executable_path/Frameworks @loader_path/Frameworks";
				PRODUCT_BUNDLE_IDENTIFIER = MangoTag.MangoTagUITests;
				PRODUCT_NAME = "$(TARGET_NAME)";
				SWIFT_VERSION = 4.0;
				TARGETED_DEVICE_FAMILY = "1,2";
				TEST_TARGET_NAME = MangoTag;
			};
			name = Release;
		};
/* End XCBuildConfiguration section */

/* Begin XCConfigurationList section */
		836270112025A9F30029FDEB /* Build configuration list for PBXProject "MangoTag" */ = {
			isa = XCConfigurationList;
			buildConfigurations = (
				8362703F2025A9F30029FDEB /* Debug */,
				836270402025A9F30029FDEB /* Release */,
			);
			defaultConfigurationIsVisible = 0;
			defaultConfigurationName = Release;
		};
		836270412025A9F30029FDEB /* Build configuration list for PBXNativeTarget "MangoTag" */ = {
			isa = XCConfigurationList;
			buildConfigurations = (
				836270422025A9F30029FDEB /* Debug */,
				836270432025A9F30029FDEB /* Release */,
			);
			defaultConfigurationIsVisible = 0;
			defaultConfigurationName = Release;
		};
		836270442025A9F30029FDEB /* Build configuration list for PBXNativeTarget "MangoTagTests" */ = {
			isa = XCConfigurationList;
			buildConfigurations = (
				836270452025A9F30029FDEB /* Debug */,
				836270462025A9F30029FDEB /* Release */,
			);
			defaultConfigurationIsVisible = 0;
			defaultConfigurationName = Release;
		};
		836270472025A9F30029FDEB /* Build configuration list for PBXNativeTarget "MangoTagUITests" */ = {
			isa = XCConfigurationList;
			buildConfigurations = (
				836270482025A9F30029FDEB /* Debug */,
				836270492025A9F30029FDEB /* Release */,
			);
			defaultConfigurationIsVisible = 0;
			defaultConfigurationName = Release;
		};
/* End XCConfigurationList section */

/* Begin XCVersionGroup section */
		836270202025A9F30029FDEB /* MangoTag.xcdatamodeld */ = {
			isa = XCVersionGroup;
			children = (
				836270212025A9F30029FDEB /* MangoTag.xcdatamodel */,
			);
			currentVersion = 836270212025A9F30029FDEB /* MangoTag.xcdatamodel */;
			path = MangoTag.xcdatamodeld;
			sourceTree = "<group>";
			versionGroupType = wrapper.xcdatamodel;
		};
/* End XCVersionGroup section */
	};
	rootObject = 8362700E2025A9F30029FDEB /* Project object */;
}
